
Microsoft Visual Studio Solution File, Format Version 12.00
# Visual Studio Version 17
VisualStudioVersion = 17.3.32804.467
MinimumVisualStudioVersion = 10.0.40219.1
Project("{FAE04EC0-301F-11D3-BF4B-00C04F79EFBC}") = "HighChart", "HighChart\HighChart.csproj", "{52806A06-E48A-4705-A7CA-56934005E6A9}"
EndProject
Global
	GlobalSection(SolutionConfigurationPlatforms) = preSolution
		Debug|Any CPU = Debug|Any CPU
		Release|Any CPU = Release|Any CPU
	EndGlobalSection
	GlobalSection(ProjectConfigurationPlatforms) = postSolution
		{52806A06-E48A-4705-A7CA-56934005E6A9}.Debug|Any CPU.ActiveCfg = Debug|Any CPU
		{52806A06-E48A-4705-A7CA-56934005E6A9}.Debug|Any CPU.Build.0 = Debug|Any CPU
		{52806A06-E48A-4705-A7CA-56934005E6A9}.Release|Any CPU.ActiveCfg = Release|Any CPU
		{52806A06-E48A-4705-A7CA-56934005E6A9}.Release|Any CPU.Build.0 = Release|Any CPU
	EndGlobalSection
	GlobalSection(SolutionProperties) = preSolution
		HideSolutionNode = FALSE
	EndGlobalSection
	GlobalSection(ExtensibilityGlobals) = postSolution
		SolutionGuid = {E6E22159-A308-4F4A-9349-ADBFC545BC05}
	EndGlobalSection
EndGlobal
